// !$*UTF8*$!
{
	archiveVersion = 1;
	classes = {
	};
	objectVersion = 50;
	objects = {

/* Begin PBXBuildFile section */
		5D537FA323842F7A00C8AB97 /* BillSplit WatchKit App.app in Embed Watch Content */ = {isa = PBXBuildFile; fileRef = 5D537FA223842F7A00C8AB97 /* BillSplit WatchKit App.app */; settings = {ATTRIBUTES = (RemoveHeadersOnCopy, ); }; };
		5D537FA923842F7A00C8AB97 /* Interface.storyboard in Resources */ = {isa = PBXBuildFile; fileRef = 5D537FA723842F7A00C8AB97 /* Interface.storyboard */; };
		5D537FAB23842F7B00C8AB97 /* Assets.xcassets in Resources */ = {isa = PBXBuildFile; fileRef = 5D537FAA23842F7B00C8AB97 /* Assets.xcassets */; };
		5D537FB223842F7B00C8AB97 /* BillSplit WatchKit Extension.appex in Embed App Extensions */ = {isa = PBXBuildFile; fileRef = 5D537FB123842F7B00C8AB97 /* BillSplit WatchKit Extension.appex */; settings = {ATTRIBUTES = (RemoveHeadersOnCopy, ); }; };
		5D537FB723842F7B00C8AB97 /* ContentView.swift in Sources */ = {isa = PBXBuildFile; fileRef = 5D537FB623842F7B00C8AB97 /* ContentView.swift */; };
		5D537FB923842F7B00C8AB97 /* HostingController.swift in Sources */ = {isa = PBXBuildFile; fileRef = 5D537FB823842F7B00C8AB97 /* HostingController.swift */; };
		5D537FBB23842F7B00C8AB97 /* ExtensionDelegate.swift in Sources */ = {isa = PBXBuildFile; fileRef = 5D537FBA23842F7B00C8AB97 /* ExtensionDelegate.swift */; };
		5D537FBD23842F7B00C8AB97 /* Assets.xcassets in Resources */ = {isa = PBXBuildFile; fileRef = 5D537FBC23842F7B00C8AB97 /* Assets.xcassets */; };
		5D537FC023842F7B00C8AB97 /* Preview Assets.xcassets in Resources */ = {isa = PBXBuildFile; fileRef = 5D537FBF23842F7B00C8AB97 /* Preview Assets.xcassets */; };
/* End PBXBuildFile section */

/* Begin PBXContainerItemProxy section */
		5D537FA423842F7A00C8AB97 /* PBXContainerItemProxy */ = {
			isa = PBXContainerItemProxy;
			containerPortal = 5D537F9823842F7A00C8AB97 /* Project object */;
			proxyType = 1;
			remoteGlobalIDString = 5D537FA123842F7A00C8AB97;
			remoteInfo = "BillSplit WatchKit App";
		};
		5D537FB323842F7B00C8AB97 /* PBXContainerItemProxy */ = {
			isa = PBXContainerItemProxy;
			containerPortal = 5D537F9823842F7A00C8AB97 /* Project object */;
			proxyType = 1;
			remoteGlobalIDString = 5D537FB023842F7B00C8AB97;
			remoteInfo = "BillSplit WatchKit Extension";
		};
/* End PBXContainerItemProxy section */

/* Begin PBXCopyFilesBuildPhase section */
		5D537FC723842F7B00C8AB97 /* Embed App Extensions */ = {
			isa = PBXCopyFilesBuildPhase;
			buildActionMask = 2147483647;
			dstPath = "";
			dstSubfolderSpec = 13;
			files = (
				5D537FB223842F7B00C8AB97 /* BillSplit WatchKit Extension.appex in Embed App Extensions */,
			);
			name = "Embed App Extensions";
			runOnlyForDeploymentPostprocessing = 0;
		};
		5D537FCB23842F7B00C8AB97 /* Embed Watch Content */ = {
			isa = PBXCopyFilesBuildPhase;
			buildActionMask = 2147483647;
			dstPath = "$(CONTENTS_FOLDER_PATH)/Watch";
			dstSubfolderSpec = 16;
			files = (
				5D537FA323842F7A00C8AB97 /* BillSplit WatchKit App.app in Embed Watch Content */,
			);
			name = "Embed Watch Content";
			runOnlyForDeploymentPostprocessing = 0;
		};
/* End PBXCopyFilesBuildPhase section */

/* Begin PBXFileReference section */
		5D537F9E23842F7A00C8AB97 /* BillSplit.app */ = {isa = PBXFileReference; explicitFileType = wrapper.application; includeInIndex = 0; path = BillSplit.app; sourceTree = BUILT_PRODUCTS_DIR; };
		5D537FA223842F7A00C8AB97 /* BillSplit WatchKit App.app */ = {isa = PBXFileReference; explicitFileType = wrapper.application; includeInIndex = 0; path = "BillSplit WatchKit App.app"; sourceTree = BUILT_PRODUCTS_DIR; };
		5D537FA823842F7A00C8AB97 /* Base */ = {isa = PBXFileReference; lastKnownFileType = file.storyboard; name = Base; path = Base.lproj/Interface.storyboard; sourceTree = "<group>"; };
		5D537FAA23842F7B00C8AB97 /* Assets.xcassets */ = {isa = PBXFileReference; lastKnownFileType = folder.assetcatalog; path = Assets.xcassets; sourceTree = "<group>"; };
		5D537FAC23842F7B00C8AB97 /* Info.plist */ = {isa = PBXFileReference; lastKnownFileType = text.plist.xml; path = Info.plist; sourceTree = "<group>"; };
		5D537FB123842F7B00C8AB97 /* BillSplit WatchKit Extension.appex */ = {isa = PBXFileReference; explicitFileType = "wrapper.app-extension"; includeInIndex = 0; path = "BillSplit WatchKit Extension.appex"; sourceTree = BUILT_PRODUCTS_DIR; };
		5D537FB623842F7B00C8AB97 /* ContentView.swift */ = {isa = PBXFileReference; lastKnownFileType = sourcecode.swift; path = ContentView.swift; sourceTree = "<group>"; };
		5D537FB823842F7B00C8AB97 /* HostingController.swift */ = {isa = PBXFileReference; lastKnownFileType = sourcecode.swift; path = HostingController.swift; sourceTree = "<group>"; };
		5D537FBA23842F7B00C8AB97 /* ExtensionDelegate.swift */ = {isa = PBXFileReference; lastKnownFileType = sourcecode.swift; path = ExtensionDelegate.swift; sourceTree = "<group>"; };
		5D537FBC23842F7B00C8AB97 /* Assets.xcassets */ = {isa = PBXFileReference; lastKnownFileType = folder.assetcatalog; path = Assets.xcassets; sourceTree = "<group>"; };
		5D537FBF23842F7B00C8AB97 /* Preview Assets.xcassets */ = {isa = PBXFileReference; lastKnownFileType = folder.assetcatalog; path = "Preview Assets.xcassets"; sourceTree = "<group>"; };
		5D537FC123842F7B00C8AB97 /* Info.plist */ = {isa = PBXFileReference; lastKnownFileType = text.plist.xml; path = Info.plist; sourceTree = "<group>"; };
/* End PBXFileReference section */

/* Begin PBXFrameworksBuildPhase section */
		5D537FAE23842F7B00C8AB97 /* Frameworks */ = {
			isa = PBXFrameworksBuildPhase;
			buildActionMask = 2147483647;
			files = (
			);
			runOnlyForDeploymentPostprocessing = 0;
		};
/* End PBXFrameworksBuildPhase section */

/* Begin PBXGroup section */
		5D537F9723842F7A00C8AB97 = {
			isa = PBXGroup;
			children = (
				5D537FA623842F7A00C8AB97 /* BillSplit WatchKit App */,
				5D537FB523842F7B00C8AB97 /* BillSplit WatchKit Extension */,
				5D537F9F23842F7A00C8AB97 /* Products */,
			);
			sourceTree = "<group>";
		};
		5D537F9F23842F7A00C8AB97 /* Products */ = {
			isa = PBXGroup;
			children = (
				5D537F9E23842F7A00C8AB97 /* BillSplit.app */,
				5D537FA223842F7A00C8AB97 /* BillSplit WatchKit App.app */,
				5D537FB123842F7B00C8AB97 /* BillSplit WatchKit Extension.appex */,
			);
			name = Products;
			sourceTree = "<group>";
		};
		5D537FA623842F7A00C8AB97 /* BillSplit WatchKit App */ = {
			isa = PBXGroup;
			children = (
				5D537FA723842F7A00C8AB97 /* Interface.storyboard */,
				5D537FAA23842F7B00C8AB97 /* Assets.xcassets */,
				5D537FAC23842F7B00C8AB97 /* Info.plist */,
			);
			path = "BillSplit WatchKit App";
			sourceTree = "<group>";
		};
		5D537FB523842F7B00C8AB97 /* BillSplit WatchKit Extension */ = {
			isa = PBXGroup;
			children = (
				5D537FB623842F7B00C8AB97 /* ContentView.swift */,
				5D537FB823842F7B00C8AB97 /* HostingController.swift */,
				5D537FBA23842F7B00C8AB97 /* ExtensionDelegate.swift */,
				5D537FBC23842F7B00C8AB97 /* Assets.xcassets */,
				5D537FC123842F7B00C8AB97 /* Info.plist */,
				5D537FBE23842F7B00C8AB97 /* Preview Content */,
			);
			path = "BillSplit WatchKit Extension";
			sourceTree = "<group>";
		};
		5D537FBE23842F7B00C8AB97 /* Preview Content */ = {
			isa = PBXGroup;
			children = (
				5D537FBF23842F7B00C8AB97 /* Preview Assets.xcassets */,
			);
			path = "Preview Content";
			sourceTree = "<group>";
		};
/* End PBXGroup section */

/* Begin PBXNativeTarget section */
		5D537F9D23842F7A00C8AB97 /* BillSplit */ = {
			isa = PBXNativeTarget;
			buildConfigurationList = 5D537FCC23842F7B00C8AB97 /* Build configuration list for PBXNativeTarget "BillSplit" */;
			buildPhases = (
				5D537F9C23842F7A00C8AB97 /* Resources */,
				5D537FCB23842F7B00C8AB97 /* Embed Watch Content */,
			);
			buildRules = (
			);
			dependencies = (
				5D537FA523842F7A00C8AB97 /* PBXTargetDependency */,
			);
			name = BillSplit;
			productName = BillSplit;
			productReference = 5D537F9E23842F7A00C8AB97 /* BillSplit.app */;
			productType = "com.apple.product-type.application.watchapp2-container";
		};
		5D537FA123842F7A00C8AB97 /* BillSplit WatchKit App */ = {
			isa = PBXNativeTarget;
			buildConfigurationList = 5D537FC823842F7B00C8AB97 /* Build configuration list for PBXNativeTarget "BillSplit WatchKit App" */;
			buildPhases = (
				5D537FA023842F7A00C8AB97 /* Resources */,
				5D537FC723842F7B00C8AB97 /* Embed App Extensions */,
			);
			buildRules = (
			);
			dependencies = (
				5D537FB423842F7B00C8AB97 /* PBXTargetDependency */,
			);
			name = "BillSplit WatchKit App";
			productName = "BillSplit WatchKit App";
			productReference = 5D537FA223842F7A00C8AB97 /* BillSplit WatchKit App.app */;
			productType = "com.apple.product-type.application.watchapp2";
		};
		5D537FB023842F7B00C8AB97 /* BillSplit WatchKit Extension */ = {
			isa = PBXNativeTarget;
			buildConfigurationList = 5D537FC423842F7B00C8AB97 /* Build configuration list for PBXNativeTarget "BillSplit WatchKit Extension" */;
			buildPhases = (
				5D537FAD23842F7B00C8AB97 /* Sources */,
				5D537FAE23842F7B00C8AB97 /* Frameworks */,
				5D537FAF23842F7B00C8AB97 /* Resources */,
			);
			buildRules = (
			);
			dependencies = (
			);
			name = "BillSplit WatchKit Extension";
			productName = "BillSplit WatchKit Extension";
			productReference = 5D537FB123842F7B00C8AB97 /* BillSplit WatchKit Extension.appex */;
			productType = "com.apple.product-type.watchkit2-extension";
		};
/* End PBXNativeTarget section */

/* Begin PBXProject section */
		5D537F9823842F7A00C8AB97 /* Project object */ = {
			isa = PBXProject;
			attributes = {
				LastSwiftUpdateCheck = 1120;
				LastUpgradeCheck = 1120;
				ORGANIZATIONNAME = "Mark Booth";
				TargetAttributes = {
					5D537F9D23842F7A00C8AB97 = {
						CreatedOnToolsVersion = 11.2.1;
					};
					5D537FA123842F7A00C8AB97 = {
						CreatedOnToolsVersion = 11.2.1;
					};
					5D537FB023842F7B00C8AB97 = {
						CreatedOnToolsVersion = 11.2.1;
					};
				};
			};
			buildConfigurationList = 5D537F9B23842F7A00C8AB97 /* Build configuration list for PBXProject "BillSplit" */;
			compatibilityVersion = "Xcode 9.3";
			developmentRegion = en;
			hasScannedForEncodings = 0;
			knownRegions = (
				en,
				Base,
			);
			mainGroup = 5D537F9723842F7A00C8AB97;
			productRefGroup = 5D537F9F23842F7A00C8AB97 /* Products */;
			projectDirPath = "";
			projectRoot = "";
			targets = (
				5D537F9D23842F7A00C8AB97 /* BillSplit */,
				5D537FA123842F7A00C8AB97 /* BillSplit WatchKit App */,
				5D537FB023842F7B00C8AB97 /* BillSplit WatchKit Extension */,
			);
		};
/* End PBXProject section */

/* Begin PBXResourcesBuildPhase section */
		5D537F9C23842F7A00C8AB97 /* Resources */ = {
			isa = PBXResourcesBuildPhase;
			buildActionMask = 2147483647;
			files = (
			);
			runOnlyForDeploymentPostprocessing = 0;
		};
		5D537FA023842F7A00C8AB97 /* Resources */ = {
			isa = PBXResourcesBuildPhase;
			buildActionMask = 2147483647;
			files = (
				5D537FAB23842F7B00C8AB97 /* Assets.xcassets in Resources */,
				5D537FA923842F7A00C8AB97 /* Interface.storyboard in Resources */,
			);
			runOnlyForDeploymentPostprocessing = 0;
		};
		5D537FAF23842F7B00C8AB97 /* Resources */ = {
			isa = PBXResourcesBuildPhase;
			buildActionMask = 2147483647;
			files = (
				5D537FC023842F7B00C8AB97 /* Preview Assets.xcassets in Resources */,
				5D537FBD23842F7B00C8AB97 /* Assets.xcassets in Resources */,
			);
			runOnlyForDeploymentPostprocessing = 0;
		};
/* End PBXResourcesBuildPhase section */

/* Begin PBXSourcesBuildPhase section */
		5D537FAD23842F7B00C8AB97 /* Sources */ = {
			isa = PBXSourcesBuildPhase;
			buildActionMask = 2147483647;
			files = (
				5D537FB923842F7B00C8AB97 /* HostingController.swift in Sources */,
				5D537FB723842F7B00C8AB97 /* ContentView.swift in Sources */,
				5D537FBB23842F7B00C8AB97 /* ExtensionDelegate.swift in Sources */,
			);
			runOnlyForDeploymentPostprocessing = 0;
		};
/* End PBXSourcesBuildPhase section */

/* Begin PBXTargetDependency section */
		5D537FA523842F7A00C8AB97 /* PBXTargetDependency */ = {
			isa = PBXTargetDependency;
			target = 5D537FA123842F7A00C8AB97 /* BillSplit WatchKit App */;
			targetProxy = 5D537FA423842F7A00C8AB97 /* PBXContainerItemProxy */;
		};
		5D537FB423842F7B00C8AB97 /* PBXTargetDependency */ = {
			isa = PBXTargetDependency;
			target = 5D537FB023842F7B00C8AB97 /* BillSplit WatchKit Extension */;
			targetProxy = 5D537FB323842F7B00C8AB97 /* PBXContainerItemProxy */;
		};
/* End PBXTargetDependency section */

/* Begin PBXVariantGroup section */
		5D537FA723842F7A00C8AB97 /* Interface.storyboard */ = {
			isa = PBXVariantGroup;
			children = (
				5D537FA823842F7A00C8AB97 /* Base */,
			);
			name = Interface.storyboard;
			sourceTree = "<group>";
		};
/* End PBXVariantGroup section */

/* Begin XCBuildConfiguration section */
		5D537FC223842F7B00C8AB97 /* Debug */ = {
			isa = XCBuildConfiguration;
			buildSettings = {
				ALWAYS_SEARCH_USER_PATHS = NO;
				CLANG_ANALYZER_NONNULL = YES;
				CLANG_ANALYZER_NUMBER_OBJECT_CONVERSION = YES_AGGRESSIVE;
				CLANG_CXX_LANGUAGE_STANDARD = "gnu++14";
				CLANG_CXX_LIBRARY = "libc++";
				CLANG_ENABLE_MODULES = YES;
				CLANG_ENABLE_OBJC_ARC = YES;
				CLANG_ENABLE_OBJC_WEAK = YES;
				CLANG_WARN_BLOCK_CAPTURE_AUTORELEASING = YES;
				CLANG_WARN_BOOL_CONVERSION = YES;
				CLANG_WARN_COMMA = YES;
				CLANG_WARN_CONSTANT_CONVERSION = YES;
				CLANG_WARN_DEPRECATED_OBJC_IMPLEMENTATIONS = YES;
				CLANG_WARN_DIRECT_OBJC_ISA_USAGE = YES_ERROR;
				CLANG_WARN_DOCUMENTATION_COMMENTS = YES;
				CLANG_WARN_EMPTY_BODY = YES;
				CLANG_WARN_ENUM_CONVERSION = YES;
				CLANG_WARN_INFINITE_RECURSION = YES;
				CLANG_WARN_INT_CONVERSION = YES;
				CLANG_WARN_NON_LITERAL_NULL_CONVERSION = YES;
				CLANG_WARN_OBJC_IMPLICIT_RETAIN_SELF = YES;
				CLANG_WARN_OBJC_LITERAL_CONVERSION = YES;
				CLANG_WARN_OBJC_ROOT_CLASS = YES_ERROR;
				CLANG_WARN_RANGE_LOOP_ANALYSIS = YES;
				CLANG_WARN_STRICT_PROTOTYPES = YES;
				CLANG_WARN_SUSPICIOUS_MOVE = YES;
				CLANG_WARN_UNGUARDED_AVAILABILITY = YES_AGGRESSIVE;
				CLANG_WARN_UNREACHABLE_CODE = YES;
				CLANG_WARN__DUPLICATE_METHOD_MATCH = YES;
				COPY_PHASE_STRIP = NO;
				DEBUG_INFORMATION_FORMAT = dwarf;
				ENABLE_STRICT_OBJC_MSGSEND = YES;
				ENABLE_TESTABILITY = YES;
				GCC_C_LANGUAGE_STANDARD = gnu11;
				GCC_DYNAMIC_NO_PIC = NO;
				GCC_NO_COMMON_BLOCKS = YES;
				GCC_OPTIMIZATION_LEVEL = 0;
				GCC_PREPROCESSOR_DEFINITIONS = (
					"DEBUG=1",
					"$(inherited)",
				);
				GCC_WARN_64_TO_32_BIT_CONVERSION = YES;
				GCC_WARN_ABOUT_RETURN_TYPE = YES_ERROR;
				GCC_WARN_UNDECLARED_SELECTOR = YES;
				GCC_WARN_UNINITIALIZED_AUTOS = YES_AGGRESSIVE;
				GCC_WARN_UNUSED_FUNCTION = YES;
				GCC_WARN_UNUSED_VARIABLE = YES;
				MTL_ENABLE_DEBUG_INFO = INCLUDE_SOURCE;
				MTL_FAST_MATH = YES;
				ONLY_ACTIVE_ARCH = YES;
				SDKROOT = iphoneos;
				SWIFT_ACTIVE_COMPILATION_CONDITIONS = DEBUG;
				SWIFT_OPTIMIZATION_LEVEL = "-Onone";
			};
			name = Debug;
		};
		5D537FC323842F7B00C8AB97 /* Release */ = {
			isa = XCBuildConfiguration;
			buildSettings = {
				ALWAYS_SEARCH_USER_PATHS = NO;
				CLANG_ANALYZER_NONNULL = YES;
				CLANG_ANALYZER_NUMBER_OBJECT_CONVERSION = YES_AGGRESSIVE;
				CLANG_CXX_LANGUAGE_STANDARD = "gnu++14";
				CLANG_CXX_LIBRARY = "libc++";
				CLANG_ENABLE_MODULES = YES;
				CLANG_ENABLE_OBJC_ARC = YES;
				CLANG_ENABLE_OBJC_WEAK = YES;
				CLANG_WARN_BLOCK_CAPTURE_AUTORELEASING = YES;
				CLANG_WARN_BOOL_CONVERSION = YES;
				CLANG_WARN_COMMA = YES;
				CLANG_WARN_CONSTANT_CONVERSION = YES;
				CLANG_WARN_DEPRECATED_OBJC_IMPLEMENTATIONS = YES;
				CLANG_WARN_DIRECT_OBJC_ISA_USAGE = YES_ERROR;
				CLANG_WARN_DOCUMENTATION_COMMENTS = YES;
				CLANG_WARN_EMPTY_BODY = YES;
				CLANG_WARN_ENUM_CONVERSION = YES;
				CLANG_WARN_INFINITE_RECURSION = YES;
				CLANG_WARN_INT_CONVERSION = YES;
				CLANG_WARN_NON_LITERAL_NULL_CONVERSION = YES;
				CLANG_WARN_OBJC_IMPLICIT_RETAIN_SELF = YES;
				CLANG_WARN_OBJC_LITERAL_CONVERSION = YES;
				CLANG_WARN_OBJC_ROOT_CLASS = YES_ERROR;
				CLANG_WARN_RANGE_LOOP_ANALYSIS = YES;
				CLANG_WARN_STRICT_PROTOTYPES = YES;
				CLANG_WARN_SUSPICIOUS_MOVE = YES;
				CLANG_WARN_UNGUARDED_AVAILABILITY = YES_AGGRESSIVE;
				CLANG_WARN_UNREACHABLE_CODE = YES;
				CLANG_WARN__DUPLICATE_METHOD_MATCH = YES;
				COPY_PHASE_STRIP = NO;
				DEBUG_INFORMATION_FORMAT = "dwarf-with-dsym";
				ENABLE_NS_ASSERTIONS = NO;
				ENABLE_STRICT_OBJC_MSGSEND = YES;
				GCC_C_LANGUAGE_STANDARD = gnu11;
				GCC_NO_COMMON_BLOCKS = YES;
				GCC_WARN_64_TO_32_BIT_CONVERSION = YES;
				GCC_WARN_ABOUT_RETURN_TYPE = YES_ERROR;
				GCC_WARN_UNDECLARED_SELECTOR = YES;
				GCC_WARN_UNINITIALIZED_AUTOS = YES_AGGRESSIVE;
				GCC_WARN_UNUSED_FUNCTION = YES;
				GCC_WARN_UNUSED_VARIABLE = YES;
				MTL_ENABLE_DEBUG_INFO = NO;
				MTL_FAST_MATH = YES;
				SDKROOT = iphoneos;
				SWIFT_COMPILATION_MODE = wholemodule;
				SWIFT_OPTIMIZATION_LEVEL = "-O";
				VALIDATE_PRODUCT = YES;
			};
			name = Release;
		};
		5D537FC523842F7B00C8AB97 /* Debug */ = {
			isa = XCBuildConfiguration;
			buildSettings = {
				ASSETCATALOG_COMPILER_COMPLICATION_NAME = Complication;
				CODE_SIGN_STYLE = Automatic;
				DEVELOPMENT_ASSET_PATHS = "\"BillSplit WatchKit Extension/Preview Content\"";
				DEVELOPMENT_TEAM = H4EAMFF2AB;
				ENABLE_PREVIEWS = YES;
				INFOPLIST_FILE = "BillSplit WatchKit Extension/Info.plist";
				LD_RUNPATH_SEARCH_PATHS = (
					"$(inherited)",
					"@executable_path/Frameworks",
					"@executable_path/../../Frameworks",
				);
				PRODUCT_BUNDLE_IDENTIFIER = com.markbsystems.BillSplit.watchkitapp.watchkitextension;
				PRODUCT_NAME = "${TARGET_NAME}";
				SDKROOT = watchos;
				SKIP_INSTALL = YES;
				SWIFT_VERSION = 5.0;
				TARGETED_DEVICE_FAMILY = 4;
				WATCHOS_DEPLOYMENT_TARGET = 6.1;
			};
			name = Debug;
		};
		5D537FC623842F7B00C8AB97 /* Release */ = {
			isa = XCBuildConfiguration;
			buildSettings = {
				ASSETCATALOG_COMPILER_COMPLICATION_NAME = Complication;
				CODE_SIGN_STYLE = Automatic;
				DEVELOPMENT_ASSET_PATHS = "\"BillSplit WatchKit Extension/Preview Content\"";
				DEVELOPMENT_TEAM = H4EAMFF2AB;
				ENABLE_PREVIEWS = YES;
				INFOPLIST_FILE = "BillSplit WatchKit Extension/Info.plist";
				LD_RUNPATH_SEARCH_PATHS = (
					"$(inherited)",
					"@executable_path/Frameworks",
					"@executable_path/../../Frameworks",
				);
				PRODUCT_BUNDLE_IDENTIFIER = com.markbsystems.BillSplit.watchkitapp.watchkitextension;
				PRODUCT_NAME = "${TARGET_NAME}";
				SDKROOT = watchos;
				SKIP_INSTALL = YES;
				SWIFT_VERSION = 5.0;
				TARGETED_DEVICE_FAMILY = 4;
				WATCHOS_DEPLOYMENT_TARGET = 6.1;
			};
			name = Release;
		};
		5D537FC923842F7B00C8AB97 /* Debug */ = {
			isa = XCBuildConfiguration;
			buildSettings = {
				ALWAYS_EMBED_SWIFT_STANDARD_LIBRARIES = YES;
				ASSETCATALOG_COMPILER_APPICON_NAME = AppIcon;
				CODE_SIGN_STYLE = Automatic;
				DEVELOPMENT_TEAM = H4EAMFF2AB;
				IBSC_MODULE = BillSplit_WatchKit_Extension;
				INFOPLIST_FILE = "BillSplit WatchKit App/Info.plist";
				PRODUCT_BUNDLE_IDENTIFIER = com.markbsystems.BillSplit.watchkitapp;
				PRODUCT_NAME = "$(TARGET_NAME)";
				SDKROOT = watchos;
				SKIP_INSTALL = YES;
				SWIFT_VERSION = 5.0;
				TARGETED_DEVICE_FAMILY = 4;
				WATCHOS_DEPLOYMENT_TARGET = 6.1;
			};
			name = Debug;
		};
		5D537FCA23842F7B00C8AB97 /* Release */ = {
			isa = XCBuildConfiguration;
			buildSettings = {
				ALWAYS_EMBED_SWIFT_STANDARD_LIBRARIES = YES;
				ASSETCATALOG_COMPILER_APPICON_NAME = AppIcon;
				CODE_SIGN_STYLE = Automatic;
				DEVELOPMENT_TEAM = H4EAMFF2AB;
				IBSC_MODULE = BillSplit_WatchKit_Extension;
				INFOPLIST_FILE = "BillSplit WatchKit App/Info.plist";
				PRODUCT_BUNDLE_IDENTIFIER = com.markbsystems.BillSplit.watchkitapp;
				PRODUCT_NAME = "$(TARGET_NAME)";
				SDKROOT = watchos;
				SKIP_INSTALL = YES;
				SWIFT_VERSION = 5.0;
				TARGETED_DEVICE_FAMILY = 4;
				WATCHOS_DEPLOYMENT_TARGET = 6.1;
			};
			name = Release;
		};
		5D537FCD23842F7B00C8AB97 /* Debug */ = {
			isa = XCBuildConfiguration;
			buildSettings = {
				CODE_SIGN_STYLE = Automatic;
				CURRENT_PROJECT_VERSION = 1;
				DEVELOPMENT_TEAM = H4EAMFF2AB;
				MARKETING_VERSION = 1.0;
				PRODUCT_BUNDLE_IDENTIFIER = com.markbsystems.BillSplit;
				PRODUCT_NAME = "$(TARGET_NAME)";
				SWIFT_VERSION = 5.0;
			};
			name = Debug;
		};
		5D537FCE23842F7B00C8AB97 /* Release */ = {
			isa = XCBuildConfiguration;
			buildSettings = {
				CODE_SIGN_STYLE = Automatic;
				CURRENT_PROJECT_VERSION = 1;
				DEVELOPMENT_TEAM = H4EAMFF2AB;
				MARKETING_VERSION = 1.0;
				PRODUCT_BUNDLE_IDENTIFIER = com.markbsystems.BillSplit;
				PRODUCT_NAME = "$(TARGET_NAME)";
				SWIFT_VERSION = 5.0;
			};
			name = Release;
		};
/* End XCBuildConfiguration section */

/* Begin XCConfigurationList section */
		5D537F9B23842F7A00C8AB97 /* Build configuration list for PBXProject "BillSplit" */ = {
			isa = XCConfigurationList;
			buildConfigurations = (
				5D537FC223842F7B00C8AB97 /* Debug */,
				5D537FC323842F7B00C8AB97 /* Release */,
			);
			defaultConfigurationIsVisible = 0;
			defaultConfigurationName = Release;
		};
		5D537FC423842F7B00C8AB97 /* Build configuration list for PBXNativeTarget "BillSplit WatchKit Extension" */ = {
			isa = XCConfigurationList;
			buildConfigurations = (
				5D537FC523842F7B00C8AB97 /* Debug */,
				5D537FC623842F7B00C8AB97 /* Release */,
			);
			defaultConfigurationIsVisible = 0;
			defaultConfigurationName = Release;
		};
		5D537FC823842F7B00C8AB97 /* Build configuration list for PBXNativeTarget "BillSplit WatchKit App" */ = {
			isa = XCConfigurationList;
			buildConfigurations = (
				5D537FC923842F7B00C8AB97 /* Debug */,
				5D537FCA23842F7B00C8AB97 /* Release */,
			);
			defaultConfigurationIsVisible = 0;
			defaultConfigurationName = Release;
		};
		5D537FCC23842F7B00C8AB97 /* Build configuration list for PBXNativeTarget "BillSplit" */ = {
			isa = XCConfigurationList;
			buildConfigurations = (
				5D537FCD23842F7B00C8AB97 /* Debug */,
				5D537FCE23842F7B00C8AB97 /* Release */,
			);
			defaultConfigurationIsVisible = 0;
			defaultConfigurationName = Release;
		};
/* End XCConfigurationList section */
	};
	rootObject = 5D537F9823842F7A00C8AB97 /* Project object */;
}
